dependencies:
- name: elasticsearch
  repository: https://helm.elastic.co
  version: 7.7.0
- name: elasticsearch
  repository: https://helm.elastic.co
  version: 7.7.0
- name: elasticsearch
  repository: https://helm.elastic.co
  version: 7.7.0
- name: kibana
  repository: https://helm.elastic.co
  version: 7.7.0
digest: sha256:77a3b8fb8e8c8cc26b8eb2aad22e82b542abc8b4ce95ee676cace678e2c42e85
generated: "2020-05-25T11:32:50.8216-07:00"
